
Microsoft Visual Studio Solution File, Format Version 12.00
# Visual Studio Version 17
VisualStudioVersion = 17.0.31903.59
MinimumVisualStudioVersion = 10.0.40219.1
Project("{FAE04EC0-301F-11D3-BF4B-00C04F79EFBC}") = "Mbox", "Mbox\Mbox.csproj", "{C54E17A1-2926-4FC0-BEA9-8ECFF900A7E3}"
EndProject
Project("{FAE04EC0-301F-11D3-BF4B-00C04F79EFBC}") = "hello-world", "apps\hello-world\hello-world.csproj", "{B3B50C21-FB73-4E19-A687-D968D16C753B}"
EndProject
Project("{FAE04EC0-301F-11D3-BF4B-00C04F79EFBC}") = "worker-demo", "apps\worker-demo\worker-demo.csproj", "{35CD74E7-2F14-4D8B-A32B-06C9D7D44713}"
EndProject
Project("{FAE04EC0-301F-11D3-BF4B-00C04F79EFBC}") = "speak", "apps\speak\speak.csproj", "{A1B2C3D4-E5F6-4789-A0B1-C2D3E4F50001}"
EndProject
Project("{FAE04EC0-301F-11D3-BF4B-00C04F79EFBC}") = "ollama-chat", "apps\ollama-chat\ollama-chat.csproj", "{A1B2C3D4-E5F6-4789-A0B1-C2D3E4F50002}"
EndProject
Project("{FAE04EC0-301F-11D3-BF4B-00C04F79EFBC}") = "imap-test", "apps\imap-test\imap-test.csproj", "{A1B2C3D4-E5F6-4789-A0B1-C2D3E4F50003}"
EndProject
Project("{FAE04EC0-301F-11D3-BF4B-00C04F79EFBC}") = "autosort-refresh", "apps\autosort-refresh\autosort-refresh.csproj", "{C947A992-3596-4CEE-BE29-510C20BE7824}"
EndProject
Project("{FAE04EC0-301F-11D3-BF4B-00C04F79EFBC}") = "bday", "apps\bday\bday.csproj", "{A1B2C3D4-E5F6-4789-A0B1-C2D3E4F50004}"
EndProject
Project("{FAE04EC0-301F-11D3-BF4B-00C04F79EFBC}") = "single-mail-test", "apps\single-mail-test\single-mail-test.csproj", "{6DC59D5E-D138-4F19-93A8-C6F3FD3BF163}"
EndProject
Project("{FAE04EC0-301F-11D3-BF4B-00C04F79EFBC}") = "smtp-test", "apps\smtp-test\smtp-test.csproj", "{A1B2C3D4-E5F6-4789-A0B1-C2D3E4F50005}"
EndProject
Project("{FAE04EC0-301F-11D3-BF4B-00C04F79EFBC}") = "sentence-poem", "apps\sentence-poem\sentence-poem.csproj", "{37DFE6A9-2128-4590-A65E-037EFD3F5259}"
EndProject
Project("{FAE04EC0-301F-11D3-BF4B-00C04F79EFBC}") = "name-meaning", "apps\name-meaning\name-meaning.csproj", "{E2366C84-9AFE-47A7-8E77-2D0CB4D679A6}"
EndProject
Project("{FAE04EC0-301F-11D3-BF4B-00C04F79EFBC}") = "city-sights", "apps\city-sights\city-sights.csproj", "{A1B2C3D4-E5F6-4789-A0B1-C2D3E4F50006}"
EndProject
Global
	GlobalSection(SolutionConfigurationPlatforms) = preSolution
		Debug|Any CPU = Debug|Any CPU
		Debug|x64 = Debug|x64
		Debug|x86 = Debug|x86
		Release|Any CPU = Release|Any CPU
		Release|x64 = Release|x64
		Release|x86 = Release|x86
	EndGlobalSection
	GlobalSection(ProjectConfigurationPlatforms) = postSolution
		{C54E17A1-2926-4FC0-BEA9-8ECFF900A7E3}.Debug|Any CPU.ActiveCfg = Debug|Any CPU
		{C54E17A1-2926-4FC0-BEA9-8ECFF900A7E3}.Debug|Any CPU.Build.0 = Debug|Any CPU
		{C54E17A1-2926-4FC0-BEA9-8ECFF900A7E3}.Debug|x64.ActiveCfg = Debug|Any CPU
		{C54E17A1-2926-4FC0-BEA9-8ECFF900A7E3}.Debug|x64.Build.0 = Debug|Any CPU
		{C54E17A1-2926-4FC0-BEA9-8ECFF900A7E3}.Debug|x86.ActiveCfg = Debug|Any CPU
		{C54E17A1-2926-4FC0-BEA9-8ECFF900A7E3}.Debug|x86.Build.0 = Debug|Any CPU
		{C54E17A1-2926-4FC0-BEA9-8ECFF900A7E3}.Release|Any CPU.ActiveCfg = Release|Any CPU
		{C54E17A1-2926-4FC0-BEA9-8ECFF900A7E3}.Release|Any CPU.Build.0 = Release|Any CPU
		{C54E17A1-2926-4FC0-BEA9-8ECFF900A7E3}.Release|x64.ActiveCfg = Release|Any CPU
		{C54E17A1-2926-4FC0-BEA9-8ECFF900A7E3}.Release|x64.Build.0 = Release|Any CPU
		{C54E17A1-2926-4FC0-BEA9-8ECFF900A7E3}.Release|x86.ActiveCfg = Release|Any CPU
		{C54E17A1-2926-4FC0-BEA9-8ECFF900A7E3}.Release|x86.Build.0 = Release|Any CPU
		{B3B50C21-FB73-4E19-A687-D968D16C753B}.Debug|Any CPU.ActiveCfg = Debug|Any CPU
		{B3B50C21-FB73-4E19-A687-D968D16C753B}.Debug|Any CPU.Build.0 = Debug|Any CPU
		{B3B50C21-FB73-4E19-A687-D968D16C753B}.Debug|x64.ActiveCfg = Debug|Any CPU
		{B3B50C21-FB73-4E19-A687-D968D16C753B}.Debug|x64.Build.0 = Debug|Any CPU
		{B3B50C21-FB73-4E19-A687-D968D16C753B}.Debug|x86.ActiveCfg = Debug|Any CPU
		{B3B50C21-FB73-4E19-A687-D968D16C753B}.Debug|x86.Build.0 = Debug|Any CPU
		{B3B50C21-FB73-4E19-A687-D968D16C753B}.Release|Any CPU.ActiveCfg = Release|Any CPU
		{B3B50C21-FB73-4E19-A687-D968D16C753B}.Release|Any CPU.Build.0 = Release|Any CPU
		{B3B50C21-FB73-4E19-A687-D968D16C753B}.Release|x64.ActiveCfg = Release|Any CPU
		{B3B50C21-FB73-4E19-A687-D968D16C753B}.Release|x64.Build.0 = Release|Any CPU
		{B3B50C21-FB73-4E19-A687-D968D16C753B}.Release|x86.ActiveCfg = Release|Any CPU
		{B3B50C21-FB73-4E19-A687-D968D16C753B}.Release|x86.Build.0 = Release|Any CPU
		{35CD74E7-2F14-4D8B-A32B-06C9D7D44713}.Debug|Any CPU.ActiveCfg = Debug|Any CPU
		{35CD74E7-2F14-4D8B-A32B-06C9D7D44713}.Debug|Any CPU.Build.0 = Debug|Any CPU
		{35CD74E7-2F14-4D8B-A32B-06C9D7D44713}.Debug|x64.ActiveCfg = Debug|Any CPU
		{35CD74E7-2F14-4D8B-A32B-06C9D7D44713}.Debug|x64.Build.0 = Debug|Any CPU
		{35CD74E7-2F14-4D8B-A32B-06C9D7D44713}.Debug|x86.ActiveCfg = Debug|Any CPU
		{35CD74E7-2F14-4D8B-A32B-06C9D7D44713}.Debug|x86.Build.0 = Debug|Any CPU
		{35CD74E7-2F14-4D8B-A32B-06C9D7D44713}.Release|Any CPU.ActiveCfg = Release|Any CPU
		{35CD74E7-2F14-4D8B-A32B-06C9D7D44713}.Release|Any CPU.Build.0 = Release|Any CPU
		{35CD74E7-2F14-4D8B-A32B-06C9D7D44713}.Release|x64.ActiveCfg = Release|Any CPU
		{35CD74E7-2F14-4D8B-A32B-06C9D7D44713}.Release|x64.Build.0 = Release|Any CPU
		{35CD74E7-2F14-4D8B-A32B-06C9D7D44713}.Release|x86.ActiveCfg = Release|Any CPU
		{35CD74E7-2F14-4D8B-A32B-06C9D7D44713}.Release|x86.Build.0 = Release|Any CPU
		{A1B2C3D4-E5F6-4789-A0B1-C2D3E4F50001}.Debug|Any CPU.ActiveCfg = Debug|Any CPU
		{A1B2C3D4-E5F6-4789-A0B1-C2D3E4F50001}.Debug|Any CPU.Build.0 = Debug|Any CPU
		{A1B2C3D4-E5F6-4789-A0B1-C2D3E4F50001}.Debug|x64.ActiveCfg = Debug|Any CPU
		{A1B2C3D4-E5F6-4789-A0B1-C2D3E4F50001}.Debug|x64.Build.0 = Debug|Any CPU
		{A1B2C3D4-E5F6-4789-A0B1-C2D3E4F50001}.Debug|x86.ActiveCfg = Debug|Any CPU
		{A1B2C3D4-E5F6-4789-A0B1-C2D3E4F50001}.Debug|x86.Build.0 = Debug|Any CPU
		{A1B2C3D4-E5F6-4789-A0B1-C2D3E4F50001}.Release|Any CPU.ActiveCfg = Release|Any CPU
		{A1B2C3D4-E5F6-4789-A0B1-C2D3E4F50001}.Release|Any CPU.Build.0 = Release|Any CPU
		{A1B2C3D4-E5F6-4789-A0B1-C2D3E4F50001}.Release|x64.ActiveCfg = Release|Any CPU
		{A1B2C3D4-E5F6-4789-A0B1-C2D3E4F50001}.Release|x64.Build.0 = Release|Any CPU
		{A1B2C3D4-E5F6-4789-A0B1-C2D3E4F50001}.Release|x86.ActiveCfg = Release|Any CPU
		{A1B2C3D4-E5F6-4789-A0B1-C2D3E4F50001}.Release|x86.Build.0 = Release|Any CPU
		{A1B2C3D4-E5F6-4789-A0B1-C2D3E4F50002}.Debug|Any CPU.ActiveCfg = Debug|Any CPU
		{A1B2C3D4-E5F6-4789-A0B1-C2D3E4F50002}.Debug|Any CPU.Build.0 = Debug|Any CPU
		{A1B2C3D4-E5F6-4789-A0B1-C2D3E4F50002}.Debug|x64.ActiveCfg = Debug|Any CPU
		{A1B2C3D4-E5F6-4789-A0B1-C2D3E4F50002}.Debug|x64.Build.0 = Debug|Any CPU
		{A1B2C3D4-E5F6-4789-A0B1-C2D3E4F50002}.Debug|x86.ActiveCfg = Debug|Any CPU
		{A1B2C3D4-E5F6-4789-A0B1-C2D3E4F50002}.Debug|x86.Build.0 = Debug|Any CPU
		{A1B2C3D4-E5F6-4789-A0B1-C2D3E4F50002}.Release|Any CPU.ActiveCfg = Release|Any CPU
		{A1B2C3D4-E5F6-4789-A0B1-C2D3E4F50002}.Release|Any CPU.Build.0 = Release|Any CPU
		{A1B2C3D4-E5F6-4789-A0B1-C2D3E4F50002}.Release|x64.ActiveCfg = Release|Any CPU
		{A1B2C3D4-E5F6-4789-A0B1-C2D3E4F50002}.Release|x64.Build.0 = Release|Any CPU
		{A1B2C3D4-E5F6-4789-A0B1-C2D3E4F50002}.Release|x86.ActiveCfg = Release|Any CPU
		{A1B2C3D4-E5F6-4789-A0B1-C2D3E4F50002}.Release|x86.Build.0 = Release|Any CPU
		{A1B2C3D4-E5F6-4789-A0B1-C2D3E4F50003}.Debug|Any CPU.ActiveCfg = Debug|Any CPU
		{A1B2C3D4-E5F6-4789-A0B1-C2D3E4F50003}.Debug|Any CPU.Build.0 = Debug|Any CPU
		{A1B2C3D4-E5F6-4789-A0B1-C2D3E4F50003}.Debug|x64.ActiveCfg = Debug|Any CPU
		{A1B2C3D4-E5F6-4789-A0B1-C2D3E4F50003}.Debug|x64.Build.0 = Debug|Any CPU
		{A1B2C3D4-E5F6-4789-A0B1-C2D3E4F50003}.Debug|x86.ActiveCfg = Debug|Any CPU
		{A1B2C3D4-E5F6-4789-A0B1-C2D3E4F50003}.Debug|x86.Build.0 = Debug|Any CPU
		{A1B2C3D4-E5F6-4789-A0B1-C2D3E4F50003}.Release|Any CPU.ActiveCfg = Release|Any CPU
		{A1B2C3D4-E5F6-4789-A0B1-C2D3E4F50003}.Release|Any CPU.Build.0 = Release|Any CPU
		{A1B2C3D4-E5F6-4789-A0B1-C2D3E4F50003}.Release|x64.ActiveCfg = Release|Any CPU
		{A1B2C3D4-E5F6-4789-A0B1-C2D3E4F50003}.Release|x64.Build.0 = Release|Any CPU
		{A1B2C3D4-E5F6-4789-A0B1-C2D3E4F50003}.Release|x86.ActiveCfg = Release|Any CPU
		{A1B2C3D4-E5F6-4789-A0B1-C2D3E4F50003}.Release|x86.Build.0 = Release|Any CPU
		{C947A992-3596-4CEE-BE29-510C20BE7824}.Debug|Any CPU.ActiveCfg = Debug|Any CPU
		{C947A992-3596-4CEE-BE29-510C20BE7824}.Debug|Any CPU.Build.0 = Debug|Any CPU
		{C947A992-3596-4CEE-BE29-510C20BE7824}.Debug|x64.ActiveCfg = Debug|Any CPU
		{C947A992-3596-4CEE-BE29-510C20BE7824}.Debug|x64.Build.0 = Debug|Any CPU
		{C947A992-3596-4CEE-BE29-510C20BE7824}.Debug|x86.ActiveCfg = Debug|Any CPU
		{C947A992-3596-4CEE-BE29-510C20BE7824}.Debug|x86.Build.0 = Debug|Any CPU
		{C947A992-3596-4CEE-BE29-510C20BE7824}.Release|Any CPU.ActiveCfg = Release|Any CPU
		{C947A992-3596-4CEE-BE29-510C20BE7824}.Release|Any CPU.Build.0 = Release|Any CPU
		{C947A992-3596-4CEE-BE29-510C20BE7824}.Release|x64.ActiveCfg = Release|Any CPU
		{C947A992-3596-4CEE-BE29-510C20BE7824}.Release|x64.Build.0 = Release|Any CPU
		{C947A992-3596-4CEE-BE29-510C20BE7824}.Release|x86.ActiveCfg = Release|Any CPU
		{C947A992-3596-4CEE-BE29-510C20BE7824}.Release|x86.Build.0 = Release|Any CPU
		{A1B2C3D4-E5F6-4789-A0B1-C2D3E4F50004}.Debug|Any CPU.ActiveCfg = Debug|Any CPU
		{A1B2C3D4-E5F6-4789-A0B1-C2D3E4F50004}.Debug|Any CPU.Build.0 = Debug|Any CPU
		{A1B2C3D4-E5F6-4789-A0B1-C2D3E4F50004}.Debug|x64.ActiveCfg = Debug|Any CPU
		{A1B2C3D4-E5F6-4789-A0B1-C2D3E4F50004}.Debug|x64.Build.0 = Debug|Any CPU
		{A1B2C3D4-E5F6-4789-A0B1-C2D3E4F50004}.Debug|x86.ActiveCfg = Debug|Any CPU
		{A1B2C3D4-E5F6-4789-A0B1-C2D3E4F50004}.Debug|x86.Build.0 = Debug|Any CPU
		{A1B2C3D4-E5F6-4789-A0B1-C2D3E4F50004}.Release|Any CPU.ActiveCfg = Release|Any CPU
		{A1B2C3D4-E5F6-4789-A0B1-C2D3E4F50004}.Release|Any CPU.Build.0 = Release|Any CPU
		{A1B2C3D4-E5F6-4789-A0B1-C2D3E4F50004}.Release|x64.ActiveCfg = Release|Any CPU
		{A1B2C3D4-E5F6-4789-A0B1-C2D3E4F50004}.Release|x64.Build.0 = Release|Any CPU
		{A1B2C3D4-E5F6-4789-A0B1-C2D3E4F50004}.Release|x86.ActiveCfg = Release|Any CPU
		{A1B2C3D4-E5F6-4789-A0B1-C2D3E4F50004}.Release|x86.Build.0 = Release|Any CPU
		{6DC59D5E-D138-4F19-93A8-C6F3FD3BF163}.Debug|Any CPU.ActiveCfg = Debug|Any CPU
		{6DC59D5E-D138-4F19-93A8-C6F3FD3BF163}.Debug|Any CPU.Build.0 = Debug|Any CPU
		{6DC59D5E-D138-4F19-93A8-C6F3FD3BF163}.Debug|x64.ActiveCfg = Debug|Any CPU
		{6DC59D5E-D138-4F19-93A8-C6F3FD3BF163}.Debug|x64.Build.0 = Debug|Any CPU
		{6DC59D5E-D138-4F19-93A8-C6F3FD3BF163}.Debug|x86.ActiveCfg = Debug|Any CPU
		{6DC59D5E-D138-4F19-93A8-C6F3FD3BF163}.Debug|x86.Build.0 = Debug|Any CPU
		{6DC59D5E-D138-4F19-93A8-C6F3FD3BF163}.Release|Any CPU.ActiveCfg = Release|Any CPU
		{6DC59D5E-D138-4F19-93A8-C6F3FD3BF163}.Release|Any CPU.Build.0 = Release|Any CPU
		{6DC59D5E-D138-4F19-93A8-C6F3FD3BF163}.Release|x64.ActiveCfg = Release|Any CPU
		{6DC59D5E-D138-4F19-93A8-C6F3FD3BF163}.Release|x64.Build.0 = Release|Any CPU
		{6DC59D5E-D138-4F19-93A8-C6F3FD3BF163}.Release|x86.ActiveCfg = Release|Any CPU
		{6DC59D5E-D138-4F19-93A8-C6F3FD3BF163}.Release|x86.Build.0 = Release|Any CPU
		{A1B2C3D4-E5F6-4789-A0B1-C2D3E4F50005}.Debug|Any CPU.ActiveCfg = Debug|Any CPU
		{A1B2C3D4-E5F6-4789-A0B1-C2D3E4F50005}.Debug|Any CPU.Build.0 = Debug|Any CPU
		{A1B2C3D4-E5F6-4789-A0B1-C2D3E4F50005}.Debug|x64.ActiveCfg = Debug|Any CPU
		{A1B2C3D4-E5F6-4789-A0B1-C2D3E4F50005}.Debug|x64.Build.0 = Debug|Any CPU
		{A1B2C3D4-E5F6-4789-A0B1-C2D3E4F50005}.Debug|x86.ActiveCfg = Debug|Any CPU
		{A1B2C3D4-E5F6-4789-A0B1-C2D3E4F50005}.Debug|x86.Build.0 = Debug|Any CPU
		{A1B2C3D4-E5F6-4789-A0B1-C2D3E4F50005}.Release|Any CPU.ActiveCfg = Release|Any CPU
		{A1B2C3D4-E5F6-4789-A0B1-C2D3E4F50005}.Release|Any CPU.Build.0 = Release|Any CPU
		{A1B2C3D4-E5F6-4789-A0B1-C2D3E4F50005}.Release|x64.ActiveCfg = Release|Any CPU
		{A1B2C3D4-E5F6-4789-A0B1-C2D3E4F50005}.Release|x64.Build.0 = Release|Any CPU
		{A1B2C3D4-E5F6-4789-A0B1-C2D3E4F50005}.Release|x86.ActiveCfg = Release|Any CPU
		{A1B2C3D4-E5F6-4789-A0B1-C2D3E4F50005}.Release|x86.Build.0 = Release|Any CPU
		{37DFE6A9-2128-4590-A65E-037EFD3F5259}.Debug|Any CPU.ActiveCfg = Debug|Any CPU
		{37DFE6A9-2128-4590-A65E-037EFD3F5259}.Debug|Any CPU.Build.0 = Debug|Any CPU
		{37DFE6A9-2128-4590-A65E-037EFD3F5259}.Debug|x64.ActiveCfg = Debug|Any CPU
		{37DFE6A9-2128-4590-A65E-037EFD3F5259}.Debug|x64.Build.0 = Debug|Any CPU
		{37DFE6A9-2128-4590-A65E-037EFD3F5259}.Debug|x86.ActiveCfg = Debug|Any CPU
		{37DFE6A9-2128-4590-A65E-037EFD3F5259}.Debug|x86.Build.0 = Debug|Any CPU
		{37DFE6A9-2128-4590-A65E-037EFD3F5259}.Release|Any CPU.ActiveCfg = Release|Any CPU
		{37DFE6A9-2128-4590-A65E-037EFD3F5259}.Release|Any CPU.Build.0 = Release|Any CPU
		{37DFE6A9-2128-4590-A65E-037EFD3F5259}.Release|x64.ActiveCfg = Release|Any CPU
		{37DFE6A9-2128-4590-A65E-037EFD3F5259}.Release|x64.Build.0 = Release|Any CPU
		{37DFE6A9-2128-4590-A65E-037EFD3F5259}.Release|x86.ActiveCfg = Release|Any CPU
		{37DFE6A9-2128-4590-A65E-037EFD3F5259}.Release|x86.Build.0 = Release|Any CPU
		{E2366C84-9AFE-47A7-8E77-2D0CB4D679A6}.Debug|Any CPU.ActiveCfg = Debug|Any CPU
		{E2366C84-9AFE-47A7-8E77-2D0CB4D679A6}.Debug|Any CPU.Build.0 = Debug|Any CPU
		{E2366C84-9AFE-47A7-8E77-2D0CB4D679A6}.Debug|x64.ActiveCfg = Debug|Any CPU
		{E2366C84-9AFE-47A7-8E77-2D0CB4D679A6}.Debug|x64.Build.0 = Debug|Any CPU
		{E2366C84-9AFE-47A7-8E77-2D0CB4D679A6}.Debug|x86.ActiveCfg = Debug|Any CPU
		{E2366C84-9AFE-47A7-8E77-2D0CB4D679A6}.Debug|x86.Build.0 = Debug|Any CPU
		{E2366C84-9AFE-47A7-8E77-2D0CB4D679A6}.Release|Any CPU.ActiveCfg = Release|Any CPU
		{E2366C84-9AFE-47A7-8E77-2D0CB4D679A6}.Release|Any CPU.Build.0 = Release|Any CPU
		{E2366C84-9AFE-47A7-8E77-2D0CB4D679A6}.Release|x64.ActiveCfg = Release|Any CPU
		{E2366C84-9AFE-47A7-8E77-2D0CB4D679A6}.Release|x64.Build.0 = Release|Any CPU
		{E2366C84-9AFE-47A7-8E77-2D0CB4D679A6}.Release|x86.ActiveCfg = Release|Any CPU
		{E2366C84-9AFE-47A7-8E77-2D0CB4D679A6}.Release|x86.Build.0 = Release|Any CPU
		{A1B2C3D4-E5F6-4789-A0B1-C2D3E4F50006}.Debug|Any CPU.ActiveCfg = Debug|Any CPU
		{A1B2C3D4-E5F6-4789-A0B1-C2D3E4F50006}.Debug|Any CPU.Build.0 = Debug|Any CPU
		{A1B2C3D4-E5F6-4789-A0B1-C2D3E4F50006}.Debug|x64.ActiveCfg = Debug|Any CPU
		{A1B2C3D4-E5F6-4789-A0B1-C2D3E4F50006}.Debug|x64.Build.0 = Debug|Any CPU
		{A1B2C3D4-E5F6-4789-A0B1-C2D3E4F50006}.Debug|x86.ActiveCfg = Debug|Any CPU
		{A1B2C3D4-E5F6-4789-A0B1-C2D3E4F50006}.Debug|x86.Build.0 = Debug|Any CPU
		{A1B2C3D4-E5F6-4789-A0B1-C2D3E4F50006}.Release|Any CPU.ActiveCfg = Release|Any CPU
		{A1B2C3D4-E5F6-4789-A0B1-C2D3E4F50006}.Release|Any CPU.Build.0 = Release|Any CPU
		{A1B2C3D4-E5F6-4789-A0B1-C2D3E4F50006}.Release|x64.ActiveCfg = Release|Any CPU
		{A1B2C3D4-E5F6-4789-A0B1-C2D3E4F50006}.Release|x64.Build.0 = Release|Any CPU
		{A1B2C3D4-E5F6-4789-A0B1-C2D3E4F50006}.Release|x86.ActiveCfg = Release|Any CPU
		{A1B2C3D4-E5F6-4789-A0B1-C2D3E4F50006}.Release|x86.Build.0 = Release|Any CPU
	EndGlobalSection
	GlobalSection(SolutionProperties) = preSolution
		HideSolutionNode = FALSE
	EndGlobalSection
EndGlobal
